
Microsoft Visual Studio Solution File, Format Version 12.00
# Visual Studio 14
VisualStudioVersion = 14.0.25420.1
MinimumVisualStudioVersion = 10.0.40219.1
Project("{8BC9CEB8-8B4A-11D0-8D11-00A0C91BC942}") = "CompUnSort2Sort", "CompUnSort2Sort\CompUnSort2Sort.vcxproj", "{EFE4A425-AFDA-401D-B5BC-DCB6B1145D3D}"
EndProject
Project("{8BC9CEB8-8B4A-11D0-8D11-00A0C91BC942}") = "SIMD", "SIMD\SIMD.vcxproj", "{43251AA5-35B4-4D2C-A2AD-460557FCFBE7}"
EndProject
Project("{8BC9CEB8-8B4A-11D0-8D11-00A0C91BC942}") = "SimpleModelFailure", "SimpleModelFailure\SimpleModelFailure.vcxproj", "{D1217912-76D2-4553-A731-59A1D0B805C8}"
EndProject
Project("{8BC9CEB8-8B4A-11D0-8D11-00A0C91BC942}") = "VirtualFunctionCalls", "VirtualFunctionCalls\VirtualFunctionCalls.vcxproj", "{C55A27B2-6C89-42B3-83A6-5AF5946256E3}"
EndProject
Project("{8BC9CEB8-8B4A-11D0-8D11-00A0C91BC942}") = "SharingBetweenCores", "SharingBetweenCores\SharingBetweenCores.vcxproj", "{5A950FD0-7555-46B2-B3A2-778B1A2350E8}"
EndProject
Project("{8BC9CEB8-8B4A-11D0-8D11-00A0C91BC942}") = "FalseSharing", "FalseSharing\FalseSharing.vcxproj", "{6E7FE962-57BF-48AF-9A06-6563DC2FF5D1}"
EndProject
Project("{8BC9CEB8-8B4A-11D0-8D11-00A0C91BC942}") = "DataDependencies", "DataDependencies\DataDependencies.vcxproj", "{5354A332-66A7-4A6F-A9FE-BA6673847798}"
EndProject
Project("{8BC9CEB8-8B4A-11D0-8D11-00A0C91BC942}") = "SSERegisterAlign", "SSERegisterAlign\SSERegisterAlign.vcxproj", "{5FD68B58-8374-4308-84B6-7F18212DE6D2}"
EndProject
Project("{8BC9CEB8-8B4A-11D0-8D11-00A0C91BC942}") = "DoSomeMultiplications", "DoSomeMultiplications\DoSomeMultiplications.vcxproj", "{C2F82D60-FA05-4863-BAAB-E0AF92EE3CEE}"
EndProject
Global
	GlobalSection(Performance) = preSolution
		HasPerformanceSessions = true
	EndGlobalSection
	GlobalSection(SolutionConfigurationPlatforms) = preSolution
		Debug|x64 = Debug|x64
		Debug|x86 = Debug|x86
		Release|x64 = Release|x64
		Release|x86 = Release|x86
	EndGlobalSection
	GlobalSection(ProjectConfigurationPlatforms) = postSolution
		{EFE4A425-AFDA-401D-B5BC-DCB6B1145D3D}.Debug|x64.ActiveCfg = Debug|x64
		{EFE4A425-AFDA-401D-B5BC-DCB6B1145D3D}.Debug|x64.Build.0 = Debug|x64
		{EFE4A425-AFDA-401D-B5BC-DCB6B1145D3D}.Debug|x86.ActiveCfg = Debug|Win32
		{EFE4A425-AFDA-401D-B5BC-DCB6B1145D3D}.Debug|x86.Build.0 = Debug|Win32
		{EFE4A425-AFDA-401D-B5BC-DCB6B1145D3D}.Release|x64.ActiveCfg = Release|x64
		{EFE4A425-AFDA-401D-B5BC-DCB6B1145D3D}.Release|x64.Build.0 = Release|x64
		{EFE4A425-AFDA-401D-B5BC-DCB6B1145D3D}.Release|x86.ActiveCfg = Release|Win32
		{EFE4A425-AFDA-401D-B5BC-DCB6B1145D3D}.Release|x86.Build.0 = Release|Win32
		{43251AA5-35B4-4D2C-A2AD-460557FCFBE7}.Debug|x64.ActiveCfg = Debug|x64
		{43251AA5-35B4-4D2C-A2AD-460557FCFBE7}.Debug|x64.Build.0 = Debug|x64
		{43251AA5-35B4-4D2C-A2AD-460557FCFBE7}.Debug|x86.ActiveCfg = Debug|Win32
		{43251AA5-35B4-4D2C-A2AD-460557FCFBE7}.Debug|x86.Build.0 = Debug|Win32
		{43251AA5-35B4-4D2C-A2AD-460557FCFBE7}.Release|x64.ActiveCfg = Release|x64
		{43251AA5-35B4-4D2C-A2AD-460557FCFBE7}.Release|x64.Build.0 = Release|x64
		{43251AA5-35B4-4D2C-A2AD-460557FCFBE7}.Release|x86.ActiveCfg = Release|Win32
		{43251AA5-35B4-4D2C-A2AD-460557FCFBE7}.Release|x86.Build.0 = Release|Win32
		{D1217912-76D2-4553-A731-59A1D0B805C8}.Debug|x64.ActiveCfg = Debug|x64
		{D1217912-76D2-4553-A731-59A1D0B805C8}.Debug|x64.Build.0 = Debug|x64
		{D1217912-76D2-4553-A731-59A1D0B805C8}.Debug|x86.ActiveCfg = Debug|Win32
		{D1217912-76D2-4553-A731-59A1D0B805C8}.Debug|x86.Build.0 = Debug|Win32
		{D1217912-76D2-4553-A731-59A1D0B805C8}.Release|x64.ActiveCfg = Release|x64
		{D1217912-76D2-4553-A731-59A1D0B805C8}.Release|x64.Build.0 = Release|x64
		{D1217912-76D2-4553-A731-59A1D0B805C8}.Release|x86.ActiveCfg = Release|Win32
		{D1217912-76D2-4553-A731-59A1D0B805C8}.Release|x86.Build.0 = Release|Win32
		{C55A27B2-6C89-42B3-83A6-5AF5946256E3}.Debug|x64.ActiveCfg = Debug|x64
		{C55A27B2-6C89-42B3-83A6-5AF5946256E3}.Debug|x64.Build.0 = Debug|x64
		{C55A27B2-6C89-42B3-83A6-5AF5946256E3}.Debug|x86.ActiveCfg = Debug|Win32
		{C55A27B2-6C89-42B3-83A6-5AF5946256E3}.Debug|x86.Build.0 = Debug|Win32
		{C55A27B2-6C89-42B3-83A6-5AF5946256E3}.Release|x64.ActiveCfg = Release|x64
		{C55A27B2-6C89-42B3-83A6-5AF5946256E3}.Release|x64.Build.0 = Release|x64
		{C55A27B2-6C89-42B3-83A6-5AF5946256E3}.Release|x86.ActiveCfg = Release|Win32
		{C55A27B2-6C89-42B3-83A6-5AF5946256E3}.Release|x86.Build.0 = Release|Win32
		{5A950FD0-7555-46B2-B3A2-778B1A2350E8}.Debug|x64.ActiveCfg = Debug|x64
		{5A950FD0-7555-46B2-B3A2-778B1A2350E8}.Debug|x64.Build.0 = Debug|x64
		{5A950FD0-7555-46B2-B3A2-778B1A2350E8}.Debug|x86.ActiveCfg = Debug|Win32
		{5A950FD0-7555-46B2-B3A2-778B1A2350E8}.Debug|x86.Build.0 = Debug|Win32
		{5A950FD0-7555-46B2-B3A2-778B1A2350E8}.Release|x64.ActiveCfg = Release|x64
		{5A950FD0-7555-46B2-B3A2-778B1A2350E8}.Release|x64.Build.0 = Release|x64
		{5A950FD0-7555-46B2-B3A2-778B1A2350E8}.Release|x86.ActiveCfg = Release|Win32
		{5A950FD0-7555-46B2-B3A2-778B1A2350E8}.Release|x86.Build.0 = Release|Win32
		{6E7FE962-57BF-48AF-9A06-6563DC2FF5D1}.Debug|x64.ActiveCfg = Debug|x64
		{6E7FE962-57BF-48AF-9A06-6563DC2FF5D1}.Debug|x64.Build.0 = Debug|x64
		{6E7FE962-57BF-48AF-9A06-6563DC2FF5D1}.Debug|x86.ActiveCfg = Debug|Win32
		{6E7FE962-57BF-48AF-9A06-6563DC2FF5D1}.Debug|x86.Build.0 = Debug|Win32
		{6E7FE962-57BF-48AF-9A06-6563DC2FF5D1}.Release|x64.ActiveCfg = Release|x64
		{6E7FE962-57BF-48AF-9A06-6563DC2FF5D1}.Release|x64.Build.0 = Release|x64
		{6E7FE962-57BF-48AF-9A06-6563DC2FF5D1}.Release|x86.ActiveCfg = Release|Win32
		{6E7FE962-57BF-48AF-9A06-6563DC2FF5D1}.Release|x86.Build.0 = Release|Win32
		{5354A332-66A7-4A6F-A9FE-BA6673847798}.Debug|x64.ActiveCfg = Debug|x64
		{5354A332-66A7-4A6F-A9FE-BA6673847798}.Debug|x64.Build.0 = Debug|x64
		{5354A332-66A7-4A6F-A9FE-BA6673847798}.Debug|x86.ActiveCfg = Debug|Win32
		{5354A332-66A7-4A6F-A9FE-BA6673847798}.Debug|x86.Build.0 = Debug|Win32
		{5354A332-66A7-4A6F-A9FE-BA6673847798}.Release|x64.ActiveCfg = Release|x64
		{5354A332-66A7-4A6F-A9FE-BA6673847798}.Release|x64.Build.0 = Release|x64
		{5354A332-66A7-4A6F-A9FE-BA6673847798}.Release|x86.ActiveCfg = Release|Win32
		{5354A332-66A7-4A6F-A9FE-BA6673847798}.Release|x86.Build.0 = Release|Win32
		{5FD68B58-8374-4308-84B6-7F18212DE6D2}.Debug|x64.ActiveCfg = Debug|x64
		{5FD68B58-8374-4308-84B6-7F18212DE6D2}.Debug|x64.Build.0 = Debug|x64
		{5FD68B58-8374-4308-84B6-7F18212DE6D2}.Debug|x86.ActiveCfg = Debug|Win32
		{5FD68B58-8374-4308-84B6-7F18212DE6D2}.Debug|x86.Build.0 = Debug|Win32
		{5FD68B58-8374-4308-84B6-7F18212DE6D2}.Release|x64.ActiveCfg = Release|x64
		{5FD68B58-8374-4308-84B6-7F18212DE6D2}.Release|x64.Build.0 = Release|x64
		{5FD68B58-8374-4308-84B6-7F18212DE6D2}.Release|x86.ActiveCfg = Release|Win32
		{5FD68B58-8374-4308-84B6-7F18212DE6D2}.Release|x86.Build.0 = Release|Win32
		{C2F82D60-FA05-4863-BAAB-E0AF92EE3CEE}.Debug|x64.ActiveCfg = Debug|x64
		{C2F82D60-FA05-4863-BAAB-E0AF92EE3CEE}.Debug|x64.Build.0 = Debug|x64
		{C2F82D60-FA05-4863-BAAB-E0AF92EE3CEE}.Debug|x86.ActiveCfg = Debug|Win32
		{C2F82D60-FA05-4863-BAAB-E0AF92EE3CEE}.Debug|x86.Build.0 = Debug|Win32
		{C2F82D60-FA05-4863-BAAB-E0AF92EE3CEE}.Release|x64.ActiveCfg = Release|x64
		{C2F82D60-FA05-4863-BAAB-E0AF92EE3CEE}.Release|x64.Build.0 = Release|x64
		{C2F82D60-FA05-4863-BAAB-E0AF92EE3CEE}.Release|x86.ActiveCfg = Release|Win32
		{C2F82D60-FA05-4863-BAAB-E0AF92EE3CEE}.Release|x86.Build.0 = Release|Win32
	EndGlobalSection
	GlobalSection(SolutionProperties) = preSolution
		HideSolutionNode = FALSE
	EndGlobalSection
EndGlobal
